
Microsoft Visual Studio Solution File, Format Version 12.00
# Visual Studio Version 16
VisualStudioVersion = 25.0.1706.6
MinimumVisualStudioVersion = 10.0.40219.1
Project("{FAE04EC0-301F-11D3-BF4B-00C04F79EFBC}") = "movies-app", "movies-app\movies-app.csproj", "{410CEBE7-8FA5-4FC5-9301-0052127271B1}"
EndProject
Global
	GlobalSection(SolutionConfigurationPlatforms) = preSolution
		Debug|Any CPU = Debug|Any CPU
		Release|Any CPU = Release|Any CPU
	EndGlobalSection
	GlobalSection(ProjectConfigurationPlatforms) = postSolution
		{410CEBE7-8FA5-4FC5-9301-0052127271B1}.Debug|Any CPU.ActiveCfg = Debug|Any CPU
		{410CEBE7-8FA5-4FC5-9301-0052127271B1}.Debug|Any CPU.Build.0 = Debug|Any CPU
		{410CEBE7-8FA5-4FC5-9301-0052127271B1}.Release|Any CPU.ActiveCfg = Release|Any CPU
		{410CEBE7-8FA5-4FC5-9301-0052127271B1}.Release|Any CPU.Build.0 = Release|Any CPU
	EndGlobalSection
	GlobalSection(SolutionProperties) = preSolution
		HideSolutionNode = FALSE
	EndGlobalSection
	GlobalSection(ExtensibilityGlobals) = postSolution
		SolutionGuid = {A0C9FD19-9078-4CD7-A4B1-36BAE182E887}
	EndGlobalSection
EndGlobal
